
Microsoft Visual Studio Solution File, Format Version 12.00
# Visual Studio Version 16
VisualStudioVersion = 16.0.29411.108
MinimumVisualStudioVersion = 10.0.40219.1
Project("{8BC9CEB8-8B4A-11D0-8D11-00A0C91BC942}") = "01-Functions", "01-Functions\01-Functions.vcxproj", "{E74C8546-8C49-41F0-8665-0CC682776E2F}"
EndProject
Project("{8BC9CEB8-8B4A-11D0-8D11-00A0C91BC942}") = "02-ActionScope", "02-ActionScope\02-ActionScope.vcxproj", "{F04725DF-ADA8-4F50-8C09-52DCE23F21CA}"
EndProject
Project("{8BC9CEB8-8B4A-11D0-8D11-00A0C91BC942}") = "03-PointerParameter", "03-PointerParameter\03-PointerParameter.vcxproj", "{FD2B3E9C-4DF9-4F0B-8E80-D93B70961AF8}"
EndProject
Project("{8BC9CEB8-8B4A-11D0-8D11-00A0C91BC942}") = "04-QuoteParameter", "04-QuoteParameter\04-QuoteParameter.vcxproj", "{9C4A2098-739C-4BBE-8DDB-6C3EB395FAD4}"
EndProject
Project("{8BC9CEB8-8B4A-11D0-8D11-00A0C91BC942}") = "05-ConstPointer", "05-ConstPointer\05-ConstPointer.vcxproj", "{A129B50D-AB97-4A8D-996A-125F0719470D}"
EndProject
Project("{8BC9CEB8-8B4A-11D0-8D11-00A0C91BC942}") = "06-DefaultArgument", "06-DefaultArgument\06-DefaultArgument.vcxproj", "{BA469EE2-8154-4C4E-85FA-1EEE1CEB410C}"
EndProject
Project("{8BC9CEB8-8B4A-11D0-8D11-00A0C91BC942}") = "07-ReturnReferenceType", "07-ReturnReferenceType\07-ReturnReferenceType.vcxproj", "{C43A20DE-C31F-4436-8499-7D15C1204EAB}"
EndProject
Project("{8BC9CEB8-8B4A-11D0-8D11-00A0C91BC942}") = "08-RecursionFucntion", "08-RecursionFucntion\08-RecursionFucntion.vcxproj", "{EA1DE191-12D4-4B76-882F-27B923DFFBB1}"
EndProject
Project("{8BC9CEB8-8B4A-11D0-8D11-00A0C91BC942}") = "09-ExercisesOne", "09-Exercises\09-Exercises.vcxproj", "{C365DB02-20A7-4C94-B3FD-CA9851723195}"
EndProject
Project("{8BC9CEB8-8B4A-11D0-8D11-00A0C91BC942}") = "10-InlineFunction", "10-InlineFunction\10-InlineFunction.vcxproj", "{766AC383-14D4-4C30-95D3-69C01437EF20}"
EndProject
Global
	GlobalSection(SolutionConfigurationPlatforms) = preSolution
		Debug|x64 = Debug|x64
		Debug|x86 = Debug|x86
		Release|x64 = Release|x64
		Release|x86 = Release|x86
	EndGlobalSection
	GlobalSection(ProjectConfigurationPlatforms) = postSolution
		{E74C8546-8C49-41F0-8665-0CC682776E2F}.Debug|x64.ActiveCfg = Debug|x64
		{E74C8546-8C49-41F0-8665-0CC682776E2F}.Debug|x64.Build.0 = Debug|x64
		{E74C8546-8C49-41F0-8665-0CC682776E2F}.Debug|x86.ActiveCfg = Debug|Win32
		{E74C8546-8C49-41F0-8665-0CC682776E2F}.Debug|x86.Build.0 = Debug|Win32
		{E74C8546-8C49-41F0-8665-0CC682776E2F}.Release|x64.ActiveCfg = Release|x64
		{E74C8546-8C49-41F0-8665-0CC682776E2F}.Release|x64.Build.0 = Release|x64
		{E74C8546-8C49-41F0-8665-0CC682776E2F}.Release|x86.ActiveCfg = Release|Win32
		{E74C8546-8C49-41F0-8665-0CC682776E2F}.Release|x86.Build.0 = Release|Win32
		{F04725DF-ADA8-4F50-8C09-52DCE23F21CA}.Debug|x64.ActiveCfg = Debug|x64
		{F04725DF-ADA8-4F50-8C09-52DCE23F21CA}.Debug|x64.Build.0 = Debug|x64
		{F04725DF-ADA8-4F50-8C09-52DCE23F21CA}.Debug|x86.ActiveCfg = Debug|Win32
		{F04725DF-ADA8-4F50-8C09-52DCE23F21CA}.Debug|x86.Build.0 = Debug|Win32
		{F04725DF-ADA8-4F50-8C09-52DCE23F21CA}.Release|x64.ActiveCfg = Release|x64
		{F04725DF-ADA8-4F50-8C09-52DCE23F21CA}.Release|x64.Build.0 = Release|x64
		{F04725DF-ADA8-4F50-8C09-52DCE23F21CA}.Release|x86.ActiveCfg = Release|Win32
		{F04725DF-ADA8-4F50-8C09-52DCE23F21CA}.Release|x86.Build.0 = Release|Win32
		{FD2B3E9C-4DF9-4F0B-8E80-D93B70961AF8}.Debug|x64.ActiveCfg = Debug|x64
		{FD2B3E9C-4DF9-4F0B-8E80-D93B70961AF8}.Debug|x64.Build.0 = Debug|x64
		{FD2B3E9C-4DF9-4F0B-8E80-D93B70961AF8}.Debug|x86.ActiveCfg = Debug|Win32
		{FD2B3E9C-4DF9-4F0B-8E80-D93B70961AF8}.Debug|x86.Build.0 = Debug|Win32
		{FD2B3E9C-4DF9-4F0B-8E80-D93B70961AF8}.Release|x64.ActiveCfg = Release|x64
		{FD2B3E9C-4DF9-4F0B-8E80-D93B70961AF8}.Release|x64.Build.0 = Release|x64
		{FD2B3E9C-4DF9-4F0B-8E80-D93B70961AF8}.Release|x86.ActiveCfg = Release|Win32
		{FD2B3E9C-4DF9-4F0B-8E80-D93B70961AF8}.Release|x86.Build.0 = Release|Win32
		{9C4A2098-739C-4BBE-8DDB-6C3EB395FAD4}.Debug|x64.ActiveCfg = Debug|x64
		{9C4A2098-739C-4BBE-8DDB-6C3EB395FAD4}.Debug|x64.Build.0 = Debug|x64
		{9C4A2098-739C-4BBE-8DDB-6C3EB395FAD4}.Debug|x86.ActiveCfg = Debug|Win32
		{9C4A2098-739C-4BBE-8DDB-6C3EB395FAD4}.Debug|x86.Build.0 = Debug|Win32
		{9C4A2098-739C-4BBE-8DDB-6C3EB395FAD4}.Release|x64.ActiveCfg = Release|x64
		{9C4A2098-739C-4BBE-8DDB-6C3EB395FAD4}.Release|x64.Build.0 = Release|x64
		{9C4A2098-739C-4BBE-8DDB-6C3EB395FAD4}.Release|x86.ActiveCfg = Release|Win32
		{9C4A2098-739C-4BBE-8DDB-6C3EB395FAD4}.Release|x86.Build.0 = Release|Win32
		{A129B50D-AB97-4A8D-996A-125F0719470D}.Debug|x64.ActiveCfg = Debug|x64
		{A129B50D-AB97-4A8D-996A-125F0719470D}.Debug|x64.Build.0 = Debug|x64
		{A129B50D-AB97-4A8D-996A-125F0719470D}.Debug|x86.ActiveCfg = Debug|Win32
		{A129B50D-AB97-4A8D-996A-125F0719470D}.Debug|x86.Build.0 = Debug|Win32
		{A129B50D-AB97-4A8D-996A-125F0719470D}.Release|x64.ActiveCfg = Release|x64
		{A129B50D-AB97-4A8D-996A-125F0719470D}.Release|x64.Build.0 = Release|x64
		{A129B50D-AB97-4A8D-996A-125F0719470D}.Release|x86.ActiveCfg = Release|Win32
		{A129B50D-AB97-4A8D-996A-125F0719470D}.Release|x86.Build.0 = Release|Win32
		{BA469EE2-8154-4C4E-85FA-1EEE1CEB410C}.Debug|x64.ActiveCfg = Debug|x64
		{BA469EE2-8154-4C4E-85FA-1EEE1CEB410C}.Debug|x64.Build.0 = Debug|x64
		{BA469EE2-8154-4C4E-85FA-1EEE1CEB410C}.Debug|x86.ActiveCfg = Debug|Win32
		{BA469EE2-8154-4C4E-85FA-1EEE1CEB410C}.Debug|x86.Build.0 = Debug|Win32
		{BA469EE2-8154-4C4E-85FA-1EEE1CEB410C}.Release|x64.ActiveCfg = Release|x64
		{BA469EE2-8154-4C4E-85FA-1EEE1CEB410C}.Release|x64.Build.0 = Release|x64
		{BA469EE2-8154-4C4E-85FA-1EEE1CEB410C}.Release|x86.ActiveCfg = Release|Win32
		{BA469EE2-8154-4C4E-85FA-1EEE1CEB410C}.Release|x86.Build.0 = Release|Win32
		{C43A20DE-C31F-4436-8499-7D15C1204EAB}.Debug|x64.ActiveCfg = Debug|x64
		{C43A20DE-C31F-4436-8499-7D15C1204EAB}.Debug|x64.Build.0 = Debug|x64
		{C43A20DE-C31F-4436-8499-7D15C1204EAB}.Debug|x86.ActiveCfg = Debug|Win32
		{C43A20DE-C31F-4436-8499-7D15C1204EAB}.Debug|x86.Build.0 = Debug|Win32
		{C43A20DE-C31F-4436-8499-7D15C1204EAB}.Release|x64.ActiveCfg = Release|x64
		{C43A20DE-C31F-4436-8499-7D15C1204EAB}.Release|x64.Build.0 = Release|x64
		{C43A20DE-C31F-4436-8499-7D15C1204EAB}.Release|x86.ActiveCfg = Release|Win32
		{C43A20DE-C31F-4436-8499-7D15C1204EAB}.Release|x86.Build.0 = Release|Win32
		{EA1DE191-12D4-4B76-882F-27B923DFFBB1}.Debug|x64.ActiveCfg = Debug|x64
		{EA1DE191-12D4-4B76-882F-27B923DFFBB1}.Debug|x64.Build.0 = Debug|x64
		{EA1DE191-12D4-4B76-882F-27B923DFFBB1}.Debug|x86.ActiveCfg = Debug|Win32
		{EA1DE191-12D4-4B76-882F-27B923DFFBB1}.Debug|x86.Build.0 = Debug|Win32
		{EA1DE191-12D4-4B76-882F-27B923DFFBB1}.Release|x64.ActiveCfg = Release|x64
		{EA1DE191-12D4-4B76-882F-27B923DFFBB1}.Release|x64.Build.0 = Release|x64
		{EA1DE191-12D4-4B76-882F-27B923DFFBB1}.Release|x86.ActiveCfg = Release|Win32
		{EA1DE191-12D4-4B76-882F-27B923DFFBB1}.Release|x86.Build.0 = Release|Win32
		{C365DB02-20A7-4C94-B3FD-CA9851723195}.Debug|x64.ActiveCfg = Debug|x64
		{C365DB02-20A7-4C94-B3FD-CA9851723195}.Debug|x64.Build.0 = Debug|x64
		{C365DB02-20A7-4C94-B3FD-CA9851723195}.Debug|x86.ActiveCfg = Debug|Win32
		{C365DB02-20A7-4C94-B3FD-CA9851723195}.Debug|x86.Build.0 = Debug|Win32
		{C365DB02-20A7-4C94-B3FD-CA9851723195}.Release|x64.ActiveCfg = Release|x64
		{C365DB02-20A7-4C94-B3FD-CA9851723195}.Release|x64.Build.0 = Release|x64
		{C365DB02-20A7-4C94-B3FD-CA9851723195}.Release|x86.ActiveCfg = Release|Win32
		{C365DB02-20A7-4C94-B3FD-CA9851723195}.Release|x86.Build.0 = Release|Win32
		{766AC383-14D4-4C30-95D3-69C01437EF20}.Debug|x64.ActiveCfg = Debug|x64
		{766AC383-14D4-4C30-95D3-69C01437EF20}.Debug|x64.Build.0 = Debug|x64
		{766AC383-14D4-4C30-95D3-69C01437EF20}.Debug|x86.ActiveCfg = Debug|Win32
		{766AC383-14D4-4C30-95D3-69C01437EF20}.Debug|x86.Build.0 = Debug|Win32
		{766AC383-14D4-4C30-95D3-69C01437EF20}.Release|x64.ActiveCfg = Release|x64
		{766AC383-14D4-4C30-95D3-69C01437EF20}.Release|x64.Build.0 = Release|x64
		{766AC383-14D4-4C30-95D3-69C01437EF20}.Release|x86.ActiveCfg = Release|Win32
		{766AC383-14D4-4C30-95D3-69C01437EF20}.Release|x86.Build.0 = Release|Win32
	EndGlobalSection
	GlobalSection(SolutionProperties) = preSolution
		HideSolutionNode = FALSE
	EndGlobalSection
	GlobalSection(ExtensibilityGlobals) = postSolution
		SolutionGuid = {9A1270CE-24AD-440E-A27F-45A5A6283F09}
	EndGlobalSection
EndGlobal
